Microsoft Visual Studio Solution File, Format Version 12.00
# Visual Studio 2012
Project("{FAE04EC0-301F-11D3-BF4B-00C04F79EFBC}") = "STS2_Editor", "STS2_Editor.csproj", "{5A103619-0863-4292-82C3-AEC94A524D8C}"
EndProject
Global
	GlobalSection(SolutionConfigurationPlatforms) = preSolution
	Debug|Any CPU = Debug|Any CPU
	ExportDebug|Any CPU = ExportDebug|Any CPU
	ExportRelease|Any CPU = ExportRelease|Any CPU
	EndGlobalSection
	GlobalSection(ProjectConfigurationPlatforms) = postSolution
		{5A103619-0863-4292-82C3-AEC94A524D8C}.Debug|Any CPU.ActiveCfg = Debug|Any CPU
		{5A103619-0863-4292-82C3-AEC94A524D8C}.Debug|Any CPU.Build.0 = Debug|Any CPU
		{5A103619-0863-4292-82C3-AEC94A524D8C}.ExportDebug|Any CPU.ActiveCfg = ExportDebug|Any CPU
		{5A103619-0863-4292-82C3-AEC94A524D8C}.ExportDebug|Any CPU.Build.0 = ExportDebug|Any CPU
		{5A103619-0863-4292-82C3-AEC94A524D8C}.ExportRelease|Any CPU.ActiveCfg = ExportRelease|Any CPU
		{5A103619-0863-4292-82C3-AEC94A524D8C}.ExportRelease|Any CPU.Build.0 = ExportRelease|Any CPU
	EndGlobalSection
EndGlobal
